
Microsoft Visual Studio Solution File, Format Version 12.00
# Visual Studio Version 16
VisualStudioVersion = 16.0.29709.97
MinimumVisualStudioVersion = 10.0.40219.1
Project("{FAE04EC0-301F-11D3-BF4B-00C04F79EFBC}") = "Cinemix.UWP", "Cinemix\Cinemix.UWP\Cinemix.UWP.csproj", "{41F3A81C-3350-4F14-A876-C250902EBA30}"
EndProject
Project("{FAE04EC0-301F-11D3-BF4B-00C04F79EFBC}") = "Cinemix.Android", "Cinemix\Cinemix.Android\Cinemix.Android.csproj", "{97CF6431-873A-433B-BA32-87E6C8165C5B}"
EndProject
Project("{FAE04EC0-301F-11D3-BF4B-00C04F79EFBC}") = "Cinemix.iOS", "Cinemix\Cinemix.iOS\Cinemix.iOS.csproj", "{01165413-BCEB-4D80-A004-852E8B906E81}"
EndProject
Project("{FAE04EC0-301F-11D3-BF4B-00C04F79EFBC}") = "Cinemix", "Cinemix\Cinemix\Cinemix.csproj", "{E763B6E7-267A-44B1-9958-502ED67E84AA}"
EndProject
Global
	GlobalSection(SolutionConfigurationPlatforms) = preSolution
		Debug|Any CPU = Debug|Any CPU
		Debug|ARM = Debug|ARM
		Debug|iPhone = Debug|iPhone
		Debug|iPhoneSimulator = Debug|iPhoneSimulator
		Debug|x64 = Debug|x64
		Debug|x86 = Debug|x86
		Release|Any CPU = Release|Any CPU
		Release|ARM = Release|ARM
		Release|iPhone = Release|iPhone
		Release|iPhoneSimulator = Release|iPhoneSimulator
		Release|x64 = Release|x64
		Release|x86 = Release|x86
	EndGlobalSection
	GlobalSection(ProjectConfigurationPlatforms) = postSolution
		{41F3A81C-3350-4F14-A876-C250902EBA30}.Debug|Any CPU.ActiveCfg = Debug|x86
		{41F3A81C-3350-4F14-A876-C250902EBA30}.Debug|Any CPU.Build.0 = Debug|x86
		{41F3A81C-3350-4F14-A876-C250902EBA30}.Debug|Any CPU.Deploy.0 = Debug|x86
		{41F3A81C-3350-4F14-A876-C250902EBA30}.Debug|ARM.ActiveCfg = Debug|ARM
		{41F3A81C-3350-4F14-A876-C250902EBA30}.Debug|ARM.Build.0 = Debug|ARM
		{41F3A81C-3350-4F14-A876-C250902EBA30}.Debug|ARM.Deploy.0 = Debug|ARM
		{41F3A81C-3350-4F14-A876-C250902EBA30}.Debug|iPhone.ActiveCfg = Debug|x86
		{41F3A81C-3350-4F14-A876-C250902EBA30}.Debug|iPhone.Build.0 = Debug|x86
		{41F3A81C-3350-4F14-A876-C250902EBA30}.Debug|iPhone.Deploy.0 = Debug|x86
		{41F3A81C-3350-4F14-A876-C250902EBA30}.Debug|iPhoneSimulator.ActiveCfg = Debug|x86
		{41F3A81C-3350-4F14-A876-C250902EBA30}.Debug|iPhoneSimulator.Build.0 = Debug|x86
		{41F3A81C-3350-4F14-A876-C250902EBA30}.Debug|iPhoneSimulator.Deploy.0 = Debug|x86
		{41F3A81C-3350-4F14-A876-C250902EBA30}.Debug|x64.ActiveCfg = Debug|x64
		{41F3A81C-3350-4F14-A876-C250902EBA30}.Debug|x64.Build.0 = Debug|x64
		{41F3A81C-3350-4F14-A876-C250902EBA30}.Debug|x64.Deploy.0 = Debug|x64
		{41F3A81C-3350-4F14-A876-C250902EBA30}.Debug|x86.ActiveCfg = Debug|x86
		{41F3A81C-3350-4F14-A876-C250902EBA30}.Debug|x86.Build.0 = Debug|x86
		{41F3A81C-3350-4F14-A876-C250902EBA30}.Debug|x86.Deploy.0 = Debug|x86
		{41F3A81C-3350-4F14-A876-C250902EBA30}.Release|Any CPU.ActiveCfg = Release|x86
		{41F3A81C-3350-4F14-A876-C250902EBA30}.Release|Any CPU.Build.0 = Release|x86
		{41F3A81C-3350-4F14-A876-C250902EBA30}.Release|Any CPU.Deploy.0 = Release|x86
		{41F3A81C-3350-4F14-A876-C250902EBA30}.Release|ARM.ActiveCfg = Release|ARM
		{41F3A81C-3350-4F14-A876-C250902EBA30}.Release|ARM.Build.0 = Release|ARM
		{41F3A81C-3350-4F14-A876-C250902EBA30}.Release|ARM.Deploy.0 = Release|ARM
		{41F3A81C-3350-4F14-A876-C250902EBA30}.Release|iPhone.ActiveCfg = Release|x86
		{41F3A81C-3350-4F14-A876-C250902EBA30}.Release|iPhone.Build.0 = Release|x86
		{41F3A81C-3350-4F14-A876-C250902EBA30}.Release|iPhone.Deploy.0 = Release|x86
		{41F3A81C-3350-4F14-A876-C250902EBA30}.Release|iPhoneSimulator.ActiveCfg = Release|x86
		{41F3A81C-3350-4F14-A876-C250902EBA30}.Release|iPhoneSimulator.Build.0 = Release|x86
		{41F3A81C-3350-4F14-A876-C250902EBA30}.Release|iPhoneSimulator.Deploy.0 = Release|x86
		{41F3A81C-3350-4F14-A876-C250902EBA30}.Release|x64.ActiveCfg = Release|x64
		{41F3A81C-3350-4F14-A876-C250902EBA30}.Release|x64.Build.0 = Release|x64
		{41F3A81C-3350-4F14-A876-C250902EBA30}.Release|x64.Deploy.0 = Release|x64
		{41F3A81C-3350-4F14-A876-C250902EBA30}.Release|x86.ActiveCfg = Release|x86
		{41F3A81C-3350-4F14-A876-C250902EBA30}.Release|x86.Build.0 = Release|x86
		{41F3A81C-3350-4F14-A876-C250902EBA30}.Release|x86.Deploy.0 = Release|x86
		{97CF6431-873A-433B-BA32-87E6C8165C5B}.Debug|Any CPU.ActiveCfg = Debug|Any CPU
		{97CF6431-873A-433B-BA32-87E6C8165C5B}.Debug|Any CPU.Build.0 = Debug|Any CPU
		{97CF6431-873A-433B-BA32-87E6C8165C5B}.Debug|Any CPU.Deploy.0 = Debug|Any CPU
		{97CF6431-873A-433B-BA32-87E6C8165C5B}.Debug|ARM.ActiveCfg = Debug|Any CPU
		{97CF6431-873A-433B-BA32-87E6C8165C5B}.Debug|ARM.Build.0 = Debug|Any CPU
		{97CF6431-873A-433B-BA32-87E6C8165C5B}.Debug|ARM.Deploy.0 = Debug|Any CPU
		{97CF6431-873A-433B-BA32-87E6C8165C5B}.Debug|iPhone.ActiveCfg = Debug|Any CPU
		{97CF6431-873A-433B-BA32-87E6C8165C5B}.Debug|iPhone.Build.0 = Debug|Any CPU
		{97CF6431-873A-433B-BA32-87E6C8165C5B}.Debug|iPhone.Deploy.0 = Debug|Any CPU
		{97CF6431-873A-433B-BA32-87E6C8165C5B}.Debug|iPhoneSimulator.ActiveCfg = Debug|Any CPU
		{97CF6431-873A-433B-BA32-87E6C8165C5B}.Debug|iPhoneSimulator.Build.0 = Debug|Any CPU
		{97CF6431-873A-433B-BA32-87E6C8165C5B}.Debug|iPhoneSimulator.Deploy.0 = Debug|Any CPU
		{97CF6431-873A-433B-BA32-87E6C8165C5B}.Debug|x64.ActiveCfg = Debug|Any CPU
		{97CF6431-873A-433B-BA32-87E6C8165C5B}.Debug|x64.Build.0 = Debug|Any CPU
		{97CF6431-873A-433B-BA32-87E6C8165C5B}.Debug|x64.Deploy.0 = Debug|Any CPU
		{97CF6431-873A-433B-BA32-87E6C8165C5B}.Debug|x86.ActiveCfg = Debug|Any CPU
		{97CF6431-873A-433B-BA32-87E6C8165C5B}.Debug|x86.Build.0 = Debug|Any CPU
		{97CF6431-873A-433B-BA32-87E6C8165C5B}.Debug|x86.Deploy.0 = Debug|Any CPU
		{97CF6431-873A-433B-BA32-87E6C8165C5B}.Release|Any CPU.ActiveCfg = Release|Any CPU
		{97CF6431-873A-433B-BA32-87E6C8165C5B}.Release|Any CPU.Build.0 = Release|Any CPU
		{97CF6431-873A-433B-BA32-87E6C8165C5B}.Release|Any CPU.Deploy.0 = Release|Any CPU
		{97CF6431-873A-433B-BA32-87E6C8165C5B}.Release|ARM.ActiveCfg = Release|Any CPU
		{97CF6431-873A-433B-BA32-87E6C8165C5B}.Release|ARM.Build.0 = Release|Any CPU
		{97CF6431-873A-433B-BA32-87E6C8165C5B}.Release|ARM.Deploy.0 = Release|Any CPU
		{97CF6431-873A-433B-BA32-87E6C8165C5B}.Release|iPhone.ActiveCfg = Release|Any CPU
		{97CF6431-873A-433B-BA32-87E6C8165C5B}.Release|iPhone.Build.0 = Release|Any CPU
		{97CF6431-873A-433B-BA32-87E6C8165C5B}.Release|iPhone.Deploy.0 = Release|Any CPU
		{97CF6431-873A-433B-BA32-87E6C8165C5B}.Release|iPhoneSimulator.ActiveCfg = Release|Any CPU
		{97CF6431-873A-433B-BA32-87E6C8165C5B}.Release|iPhoneSimulator.Build.0 = Release|Any CPU
		{97CF6431-873A-433B-BA32-87E6C8165C5B}.Release|iPhoneSimulator.Deploy.0 = Release|Any CPU
		{97CF6431-873A-433B-BA32-87E6C8165C5B}.Release|x64.ActiveCfg = Release|Any CPU
		{97CF6431-873A-433B-BA32-87E6C8165C5B}.Release|x64.Build.0 = Release|Any CPU
		{97CF6431-873A-433B-BA32-87E6C8165C5B}.Release|x64.Deploy.0 = Release|Any CPU
		{97CF6431-873A-433B-BA32-87E6C8165C5B}.Release|x86.ActiveCfg = Release|Any CPU
		{97CF6431-873A-433B-BA32-87E6C8165C5B}.Release|x86.Build.0 = Release|Any CPU
		{97CF6431-873A-433B-BA32-87E6C8165C5B}.Release|x86.Deploy.0 = Release|Any CPU
		{01165413-BCEB-4D80-A004-852E8B906E81}.Debug|Any CPU.ActiveCfg = Debug|iPhone
		{01165413-BCEB-4D80-A004-852E8B906E81}.Debug|Any CPU.Build.0 = Debug|iPhone
		{01165413-BCEB-4D80-A004-852E8B906E81}.Debug|Any CPU.Deploy.0 = Debug|iPhone
		{01165413-BCEB-4D80-A004-852E8B906E81}.Debug|ARM.ActiveCfg = Debug|iPhoneSimulator
		{01165413-BCEB-4D80-A004-852E8B906E81}.Debug|ARM.Build.0 = Debug|iPhoneSimulator
		{01165413-BCEB-4D80-A004-852E8B906E81}.Debug|ARM.Deploy.0 = Debug|iPhoneSimulator
		{01165413-BCEB-4D80-A004-852E8B906E81}.Debug|iPhone.ActiveCfg = Debug|iPhone
		{01165413-BCEB-4D80-A004-852E8B906E81}.Debug|iPhone.Build.0 = Debug|iPhone
		{01165413-BCEB-4D80-A004-852E8B906E81}.Debug|iPhone.Deploy.0 = Debug|iPhone
		{01165413-BCEB-4D80-A004-852E8B906E81}.Debug|iPhoneSimulator.ActiveCfg = Debug|iPhoneSimulator
		{01165413-BCEB-4D80-A004-852E8B906E81}.Debug|iPhoneSimulator.Build.0 = Debug|iPhoneSimulator
		{01165413-BCEB-4D80-A004-852E8B906E81}.Debug|iPhoneSimulator.Deploy.0 = Debug|iPhoneSimulator
		{01165413-BCEB-4D80-A004-852E8B906E81}.Debug|x64.ActiveCfg = Debug|iPhone
		{01165413-BCEB-4D80-A004-852E8B906E81}.Debug|x64.Build.0 = Debug|iPhone
		{01165413-BCEB-4D80-A004-852E8B906E81}.Debug|x64.Deploy.0 = Debug|iPhone
		{01165413-BCEB-4D80-A004-852E8B906E81}.Debug|x86.ActiveCfg = Debug|iPhone
		{01165413-BCEB-4D80-A004-852E8B906E81}.Debug|x86.Build.0 = Debug|iPhone
		{01165413-BCEB-4D80-A004-852E8B906E81}.Debug|x86.Deploy.0 = Debug|iPhone
		{01165413-BCEB-4D80-A004-852E8B906E81}.Release|Any CPU.ActiveCfg = Release|iPhone
		{01165413-BCEB-4D80-A004-852E8B906E81}.Release|Any CPU.Build.0 = Release|iPhone
		{01165413-BCEB-4D80-A004-852E8B906E81}.Release|Any CPU.Deploy.0 = Release|iPhone
		{01165413-BCEB-4D80-A004-852E8B906E81}.Release|ARM.ActiveCfg = Release|iPhone
		{01165413-BCEB-4D80-A004-852E8B906E81}.Release|ARM.Build.0 = Release|iPhone
		{01165413-BCEB-4D80-A004-852E8B906E81}.Release|ARM.Deploy.0 = Release|iPhone
		{01165413-BCEB-4D80-A004-852E8B906E81}.Release|iPhone.ActiveCfg = Release|iPhone
		{01165413-BCEB-4D80-A004-852E8B906E81}.Release|iPhone.Build.0 = Release|iPhone
		{01165413-BCEB-4D80-A004-852E8B906E81}.Release|iPhone.Deploy.0 = Release|iPhone
		{01165413-BCEB-4D80-A004-852E8B906E81}.Release|iPhoneSimulator.ActiveCfg = Release|iPhoneSimulator
		{01165413-BCEB-4D80-A004-852E8B906E81}.Release|iPhoneSimulator.Build.0 = Release|iPhoneSimulator
		{01165413-BCEB-4D80-A004-852E8B906E81}.Release|iPhoneSimulator.Deploy.0 = Release|iPhoneSimulator
		{01165413-BCEB-4D80-A004-852E8B906E81}.Release|x64.ActiveCfg = Release|iPhone
		{01165413-BCEB-4D80-A004-852E8B906E81}.Release|x64.Build.0 = Release|iPhone
		{01165413-BCEB-4D80-A004-852E8B906E81}.Release|x64.Deploy.0 = Release|iPhone
		{01165413-BCEB-4D80-A004-852E8B906E81}.Release|x86.ActiveCfg = Release|iPhone
		{01165413-BCEB-4D80-A004-852E8B906E81}.Release|x86.Build.0 = Release|iPhone
		{01165413-BCEB-4D80-A004-852E8B906E81}.Release|x86.Deploy.0 = Release|iPhone
		{E763B6E7-267A-44B1-9958-502ED67E84AA}.Debug|Any CPU.ActiveCfg = Debug|Any CPU
		{E763B6E7-267A-44B1-9958-502ED67E84AA}.Debug|Any CPU.Build.0 = Debug|Any CPU
		{E763B6E7-267A-44B1-9958-502ED67E84AA}.Debug|Any CPU.Deploy.0 = Debug|Any CPU
		{E763B6E7-267A-44B1-9958-502ED67E84AA}.Debug|ARM.ActiveCfg = Debug|Any CPU
		{E763B6E7-267A-44B1-9958-502ED67E84AA}.Debug|ARM.Build.0 = Debug|Any CPU
		{E763B6E7-267A-44B1-9958-502ED67E84AA}.Debug|ARM.Deploy.0 = Debug|Any CPU
		{E763B6E7-267A-44B1-9958-502ED67E84AA}.Debug|iPhone.ActiveCfg = Debug|Any CPU
		{E763B6E7-267A-44B1-9958-502ED67E84AA}.Debug|iPhone.Build.0 = Debug|Any CPU
		{E763B6E7-267A-44B1-9958-502ED67E84AA}.Debug|iPhone.Deploy.0 = Debug|Any CPU
		{E763B6E7-267A-44B1-9958-502ED67E84AA}.Debug|iPhoneSimulator.ActiveCfg = Debug|Any CPU
		{E763B6E7-267A-44B1-9958-502ED67E84AA}.Debug|iPhoneSimulator.Build.0 = Debug|Any CPU
		{E763B6E7-267A-44B1-9958-502ED67E84AA}.Debug|iPhoneSimulator.Deploy.0 = Debug|Any CPU
		{E763B6E7-267A-44B1-9958-502ED67E84AA}.Debug|x64.ActiveCfg = Debug|Any CPU
		{E763B6E7-267A-44B1-9958-502ED67E84AA}.Debug|x64.Build.0 = Debug|Any CPU
		{E763B6E7-267A-44B1-9958-502ED67E84AA}.Debug|x64.Deploy.0 = Debug|Any CPU
		{E763B6E7-267A-44B1-9958-502ED67E84AA}.Debug|x86.ActiveCfg = Debug|Any CPU
		{E763B6E7-267A-44B1-9958-502ED67E84AA}.Debug|x86.Build.0 = Debug|Any CPU
		{E763B6E7-267A-44B1-9958-502ED67E84AA}.Debug|x86.Deploy.0 = Debug|Any CPU
		{E763B6E7-267A-44B1-9958-502ED67E84AA}.Release|Any CPU.ActiveCfg = Release|Any CPU
		{E763B6E7-267A-44B1-9958-502ED67E84AA}.Release|Any CPU.Build.0 = Release|Any CPU
		{E763B6E7-267A-44B1-9958-502ED67E84AA}.Release|Any CPU.Deploy.0 = Release|Any CPU
		{E763B6E7-267A-44B1-9958-502ED67E84AA}.Release|ARM.ActiveCfg = Release|Any CPU
		{E763B6E7-267A-44B1-9958-502ED67E84AA}.Release|ARM.Build.0 = Release|Any CPU
		{E763B6E7-267A-44B1-9958-502ED67E84AA}.Release|ARM.Deploy.0 = Release|Any CPU
		{E763B6E7-267A-44B1-9958-502ED67E84AA}.Release|iPhone.ActiveCfg = Release|Any CPU
		{E763B6E7-267A-44B1-9958-502ED67E84AA}.Release|iPhone.Build.0 = Release|Any CPU
		{E763B6E7-267A-44B1-9958-502ED67E84AA}.Release|iPhone.Deploy.0 = Release|Any CPU
		{E763B6E7-267A-44B1-9958-502ED67E84AA}.Release|iPhoneSimulator.ActiveCfg = Release|Any CPU
		{E763B6E7-267A-44B1-9958-502ED67E84AA}.Release|iPhoneSimulator.Build.0 = Release|Any CPU
		{E763B6E7-267A-44B1-9958-502ED67E84AA}.Release|iPhoneSimulator.Deploy.0 = Release|Any CPU
		{E763B6E7-267A-44B1-9958-502ED67E84AA}.Release|x64.ActiveCfg = Release|Any CPU
		{E763B6E7-267A-44B1-9958-502ED67E84AA}.Release|x64.Build.0 = Release|Any CPU
		{E763B6E7-267A-44B1-9958-502ED67E84AA}.Release|x64.Deploy.0 = Release|Any CPU
		{E763B6E7-267A-44B1-9958-502ED67E84AA}.Release|x86.ActiveCfg = Release|Any CPU
		{E763B6E7-267A-44B1-9958-502ED67E84AA}.Release|x86.Build.0 = Release|Any CPU
		{E763B6E7-267A-44B1-9958-502ED67E84AA}.Release|x86.Deploy.0 = Release|Any CPU
	EndGlobalSection
	GlobalSection(SolutionProperties) = preSolution
		HideSolutionNode = FALSE
	EndGlobalSection
	GlobalSection(ExtensibilityGlobals) = postSolution
		SolutionGuid = {6B06A05F-E597-45AE-8C17-DA6078E1959D}
	EndGlobalSection
EndGlobal
