
Microsoft Visual Studio Solution File, Format Version 12.00
# Visual Studio Version 16
VisualStudioVersion = 16.0.29709.97
MinimumVisualStudioVersion = 10.0.40219.1
Project("{FAE04EC0-301F-11D3-BF4B-00C04F79EFBC}") = "Tarefas.UWP", "Tarefas\Tarefas.UWP\Tarefas.UWP.csproj", "{B5818BAB-B49C-47FB-B688-EF47F1D9D6CC}"
EndProject
Project("{FAE04EC0-301F-11D3-BF4B-00C04F79EFBC}") = "Tarefas.Android", "Tarefas\Tarefas.Android\Tarefas.Android.csproj", "{021540BC-13A2-4C23-ABFE-7298C46351B5}"
EndProject
Project("{FAE04EC0-301F-11D3-BF4B-00C04F79EFBC}") = "Tarefas.iOS", "Tarefas\Tarefas.iOS\Tarefas.iOS.csproj", "{3E45FD03-CD91-4AFA-A68A-F8386CA5BCFB}"
EndProject
Project("{FAE04EC0-301F-11D3-BF4B-00C04F79EFBC}") = "Tarefas", "Tarefas\Tarefas\Tarefas.csproj", "{8312E359-8D7B-4AB1-A407-12C052B4D735}"
EndProject
Global
	GlobalSection(SolutionConfigurationPlatforms) = preSolution
		Debug|Any CPU = Debug|Any CPU
		Debug|ARM = Debug|ARM
		Debug|iPhone = Debug|iPhone
		Debug|iPhoneSimulator = Debug|iPhoneSimulator
		Debug|x64 = Debug|x64
		Debug|x86 = Debug|x86
		Release|Any CPU = Release|Any CPU
		Release|ARM = Release|ARM
		Release|iPhone = Release|iPhone
		Release|iPhoneSimulator = Release|iPhoneSimulator
		Release|x64 = Release|x64
		Release|x86 = Release|x86
	EndGlobalSection
	GlobalSection(ProjectConfigurationPlatforms) = postSolution
		{B5818BAB-B49C-47FB-B688-EF47F1D9D6CC}.Debug|Any CPU.ActiveCfg = Debug|x86
		{B5818BAB-B49C-47FB-B688-EF47F1D9D6CC}.Debug|Any CPU.Build.0 = Debug|x86
		{B5818BAB-B49C-47FB-B688-EF47F1D9D6CC}.Debug|Any CPU.Deploy.0 = Debug|x86
		{B5818BAB-B49C-47FB-B688-EF47F1D9D6CC}.Debug|ARM.ActiveCfg = Debug|ARM
		{B5818BAB-B49C-47FB-B688-EF47F1D9D6CC}.Debug|ARM.Build.0 = Debug|ARM
		{B5818BAB-B49C-47FB-B688-EF47F1D9D6CC}.Debug|ARM.Deploy.0 = Debug|ARM
		{B5818BAB-B49C-47FB-B688-EF47F1D9D6CC}.Debug|iPhone.ActiveCfg = Debug|x86
		{B5818BAB-B49C-47FB-B688-EF47F1D9D6CC}.Debug|iPhone.Build.0 = Debug|x86
		{B5818BAB-B49C-47FB-B688-EF47F1D9D6CC}.Debug|iPhone.Deploy.0 = Debug|x86
		{B5818BAB-B49C-47FB-B688-EF47F1D9D6CC}.Debug|iPhoneSimulator.ActiveCfg = Debug|x86
		{B5818BAB-B49C-47FB-B688-EF47F1D9D6CC}.Debug|iPhoneSimulator.Build.0 = Debug|x86
		{B5818BAB-B49C-47FB-B688-EF47F1D9D6CC}.Debug|iPhoneSimulator.Deploy.0 = Debug|x86
		{B5818BAB-B49C-47FB-B688-EF47F1D9D6CC}.Debug|x64.ActiveCfg = Debug|x64
		{B5818BAB-B49C-47FB-B688-EF47F1D9D6CC}.Debug|x64.Build.0 = Debug|x64
		{B5818BAB-B49C-47FB-B688-EF47F1D9D6CC}.Debug|x64.Deploy.0 = Debug|x64
		{B5818BAB-B49C-47FB-B688-EF47F1D9D6CC}.Debug|x86.ActiveCfg = Debug|x86
		{B5818BAB-B49C-47FB-B688-EF47F1D9D6CC}.Debug|x86.Build.0 = Debug|x86
		{B5818BAB-B49C-47FB-B688-EF47F1D9D6CC}.Debug|x86.Deploy.0 = Debug|x86
		{B5818BAB-B49C-47FB-B688-EF47F1D9D6CC}.Release|Any CPU.ActiveCfg = Release|x86
		{B5818BAB-B49C-47FB-B688-EF47F1D9D6CC}.Release|Any CPU.Build.0 = Release|x86
		{B5818BAB-B49C-47FB-B688-EF47F1D9D6CC}.Release|Any CPU.Deploy.0 = Release|x86
		{B5818BAB-B49C-47FB-B688-EF47F1D9D6CC}.Release|ARM.ActiveCfg = Release|ARM
		{B5818BAB-B49C-47FB-B688-EF47F1D9D6CC}.Release|ARM.Build.0 = Release|ARM
		{B5818BAB-B49C-47FB-B688-EF47F1D9D6CC}.Release|ARM.Deploy.0 = Release|ARM
		{B5818BAB-B49C-47FB-B688-EF47F1D9D6CC}.Release|iPhone.ActiveCfg = Release|x86
		{B5818BAB-B49C-47FB-B688-EF47F1D9D6CC}.Release|iPhone.Build.0 = Release|x86
		{B5818BAB-B49C-47FB-B688-EF47F1D9D6CC}.Release|iPhone.Deploy.0 = Release|x86
		{B5818BAB-B49C-47FB-B688-EF47F1D9D6CC}.Release|iPhoneSimulator.ActiveCfg = Release|x86
		{B5818BAB-B49C-47FB-B688-EF47F1D9D6CC}.Release|iPhoneSimulator.Build.0 = Release|x86
		{B5818BAB-B49C-47FB-B688-EF47F1D9D6CC}.Release|iPhoneSimulator.Deploy.0 = Release|x86
		{B5818BAB-B49C-47FB-B688-EF47F1D9D6CC}.Release|x64.ActiveCfg = Release|x64
		{B5818BAB-B49C-47FB-B688-EF47F1D9D6CC}.Release|x64.Build.0 = Release|x64
		{B5818BAB-B49C-47FB-B688-EF47F1D9D6CC}.Release|x64.Deploy.0 = Release|x64
		{B5818BAB-B49C-47FB-B688-EF47F1D9D6CC}.Release|x86.ActiveCfg = Release|x86
		{B5818BAB-B49C-47FB-B688-EF47F1D9D6CC}.Release|x86.Build.0 = Release|x86
		{B5818BAB-B49C-47FB-B688-EF47F1D9D6CC}.Release|x86.Deploy.0 = Release|x86
		{021540BC-13A2-4C23-ABFE-7298C46351B5}.Debug|Any CPU.ActiveCfg = Debug|Any CPU
		{021540BC-13A2-4C23-ABFE-7298C46351B5}.Debug|Any CPU.Build.0 = Debug|Any CPU
		{021540BC-13A2-4C23-ABFE-7298C46351B5}.Debug|Any CPU.Deploy.0 = Debug|Any CPU
		{021540BC-13A2-4C23-ABFE-7298C46351B5}.Debug|ARM.ActiveCfg = Debug|Any CPU
		{021540BC-13A2-4C23-ABFE-7298C46351B5}.Debug|ARM.Build.0 = Debug|Any CPU
		{021540BC-13A2-4C23-ABFE-7298C46351B5}.Debug|ARM.Deploy.0 = Debug|Any CPU
		{021540BC-13A2-4C23-ABFE-7298C46351B5}.Debug|iPhone.ActiveCfg = Debug|Any CPU
		{021540BC-13A2-4C23-ABFE-7298C46351B5}.Debug|iPhone.Build.0 = Debug|Any CPU
		{021540BC-13A2-4C23-ABFE-7298C46351B5}.Debug|iPhone.Deploy.0 = Debug|Any CPU
		{021540BC-13A2-4C23-ABFE-7298C46351B5}.Debug|iPhoneSimulator.ActiveCfg = Debug|Any CPU
		{021540BC-13A2-4C23-ABFE-7298C46351B5}.Debug|iPhoneSimulator.Build.0 = Debug|Any CPU
		{021540BC-13A2-4C23-ABFE-7298C46351B5}.Debug|iPhoneSimulator.Deploy.0 = Debug|Any CPU
		{021540BC-13A2-4C23-ABFE-7298C46351B5}.Debug|x64.ActiveCfg = Debug|Any CPU
		{021540BC-13A2-4C23-ABFE-7298C46351B5}.Debug|x64.Build.0 = Debug|Any CPU
		{021540BC-13A2-4C23-ABFE-7298C46351B5}.Debug|x64.Deploy.0 = Debug|Any CPU
		{021540BC-13A2-4C23-ABFE-7298C46351B5}.Debug|x86.ActiveCfg = Debug|Any CPU
		{021540BC-13A2-4C23-ABFE-7298C46351B5}.Debug|x86.Build.0 = Debug|Any CPU
		{021540BC-13A2-4C23-ABFE-7298C46351B5}.Debug|x86.Deploy.0 = Debug|Any CPU
		{021540BC-13A2-4C23-ABFE-7298C46351B5}.Release|Any CPU.ActiveCfg = Release|Any CPU
		{021540BC-13A2-4C23-ABFE-7298C46351B5}.Release|Any CPU.Build.0 = Release|Any CPU
		{021540BC-13A2-4C23-ABFE-7298C46351B5}.Release|Any CPU.Deploy.0 = Release|Any CPU
		{021540BC-13A2-4C23-ABFE-7298C46351B5}.Release|ARM.ActiveCfg = Release|Any CPU
		{021540BC-13A2-4C23-ABFE-7298C46351B5}.Release|ARM.Build.0 = Release|Any CPU
		{021540BC-13A2-4C23-ABFE-7298C46351B5}.Release|ARM.Deploy.0 = Release|Any CPU
		{021540BC-13A2-4C23-ABFE-7298C46351B5}.Release|iPhone.ActiveCfg = Release|Any CPU
		{021540BC-13A2-4C23-ABFE-7298C46351B5}.Release|iPhone.Build.0 = Release|Any CPU
		{021540BC-13A2-4C23-ABFE-7298C46351B5}.Release|iPhone.Deploy.0 = Release|Any CPU
		{021540BC-13A2-4C23-ABFE-7298C46351B5}.Release|iPhoneSimulator.ActiveCfg = Release|Any CPU
		{021540BC-13A2-4C23-ABFE-7298C46351B5}.Release|iPhoneSimulator.Build.0 = Release|Any CPU
		{021540BC-13A2-4C23-ABFE-7298C46351B5}.Release|iPhoneSimulator.Deploy.0 = Release|Any CPU
		{021540BC-13A2-4C23-ABFE-7298C46351B5}.Release|x64.ActiveCfg = Release|Any CPU
		{021540BC-13A2-4C23-ABFE-7298C46351B5}.Release|x64.Build.0 = Release|Any CPU
		{021540BC-13A2-4C23-ABFE-7298C46351B5}.Release|x64.Deploy.0 = Release|Any CPU
		{021540BC-13A2-4C23-ABFE-7298C46351B5}.Release|x86.ActiveCfg = Release|Any CPU
		{021540BC-13A2-4C23-ABFE-7298C46351B5}.Release|x86.Build.0 = Release|Any CPU
		{021540BC-13A2-4C23-ABFE-7298C46351B5}.Release|x86.Deploy.0 = Release|Any CPU
		{3E45FD03-CD91-4AFA-A68A-F8386CA5BCFB}.Debug|Any CPU.ActiveCfg = Debug|iPhone
		{3E45FD03-CD91-4AFA-A68A-F8386CA5BCFB}.Debug|Any CPU.Build.0 = Debug|iPhone
		{3E45FD03-CD91-4AFA-A68A-F8386CA5BCFB}.Debug|Any CPU.Deploy.0 = Debug|iPhone
		{3E45FD03-CD91-4AFA-A68A-F8386CA5BCFB}.Debug|ARM.ActiveCfg = Debug|iPhoneSimulator
		{3E45FD03-CD91-4AFA-A68A-F8386CA5BCFB}.Debug|ARM.Build.0 = Debug|iPhoneSimulator
		{3E45FD03-CD91-4AFA-A68A-F8386CA5BCFB}.Debug|ARM.Deploy.0 = Debug|iPhoneSimulator
		{3E45FD03-CD91-4AFA-A68A-F8386CA5BCFB}.Debug|iPhone.ActiveCfg = Debug|iPhone
		{3E45FD03-CD91-4AFA-A68A-F8386CA5BCFB}.Debug|iPhone.Build.0 = Debug|iPhone
		{3E45FD03-CD91-4AFA-A68A-F8386CA5BCFB}.Debug|iPhone.Deploy.0 = Debug|iPhone
		{3E45FD03-CD91-4AFA-A68A-F8386CA5BCFB}.Debug|iPhoneSimulator.ActiveCfg = Debug|iPhoneSimulator
		{3E45FD03-CD91-4AFA-A68A-F8386CA5BCFB}.Debug|iPhoneSimulator.Build.0 = Debug|iPhoneSimulator
		{3E45FD03-CD91-4AFA-A68A-F8386CA5BCFB}.Debug|iPhoneSimulator.Deploy.0 = Debug|iPhoneSimulator
		{3E45FD03-CD91-4AFA-A68A-F8386CA5BCFB}.Debug|x64.ActiveCfg = Debug|iPhone
		{3E45FD03-CD91-4AFA-A68A-F8386CA5BCFB}.Debug|x64.Build.0 = Debug|iPhone
		{3E45FD03-CD91-4AFA-A68A-F8386CA5BCFB}.Debug|x64.Deploy.0 = Debug|iPhone
		{3E45FD03-CD91-4AFA-A68A-F8386CA5BCFB}.Debug|x86.ActiveCfg = Debug|iPhone
		{3E45FD03-CD91-4AFA-A68A-F8386CA5BCFB}.Debug|x86.Build.0 = Debug|iPhone
		{3E45FD03-CD91-4AFA-A68A-F8386CA5BCFB}.Debug|x86.Deploy.0 = Debug|iPhone
		{3E45FD03-CD91-4AFA-A68A-F8386CA5BCFB}.Release|Any CPU.ActiveCfg = Release|iPhone
		{3E45FD03-CD91-4AFA-A68A-F8386CA5BCFB}.Release|Any CPU.Build.0 = Release|iPhone
		{3E45FD03-CD91-4AFA-A68A-F8386CA5BCFB}.Release|Any CPU.Deploy.0 = Release|iPhone
		{3E45FD03-CD91-4AFA-A68A-F8386CA5BCFB}.Release|ARM.ActiveCfg = Release|iPhone
		{3E45FD03-CD91-4AFA-A68A-F8386CA5BCFB}.Release|ARM.Build.0 = Release|iPhone
		{3E45FD03-CD91-4AFA-A68A-F8386CA5BCFB}.Release|ARM.Deploy.0 = Release|iPhone
		{3E45FD03-CD91-4AFA-A68A-F8386CA5BCFB}.Release|iPhone.ActiveCfg = Release|iPhone
		{3E45FD03-CD91-4AFA-A68A-F8386CA5BCFB}.Release|iPhone.Build.0 = Release|iPhone
		{3E45FD03-CD91-4AFA-A68A-F8386CA5BCFB}.Release|iPhone.Deploy.0 = Release|iPhone
		{3E45FD03-CD91-4AFA-A68A-F8386CA5BCFB}.Release|iPhoneSimulator.ActiveCfg = Release|iPhoneSimulator
		{3E45FD03-CD91-4AFA-A68A-F8386CA5BCFB}.Release|iPhoneSimulator.Build.0 = Release|iPhoneSimulator
		{3E45FD03-CD91-4AFA-A68A-F8386CA5BCFB}.Release|iPhoneSimulator.Deploy.0 = Release|iPhoneSimulator
		{3E45FD03-CD91-4AFA-A68A-F8386CA5BCFB}.Release|x64.ActiveCfg = Release|iPhone
		{3E45FD03-CD91-4AFA-A68A-F8386CA5BCFB}.Release|x64.Build.0 = Release|iPhone
		{3E45FD03-CD91-4AFA-A68A-F8386CA5BCFB}.Release|x64.Deploy.0 = Release|iPhone
		{3E45FD03-CD91-4AFA-A68A-F8386CA5BCFB}.Release|x86.ActiveCfg = Release|iPhone
		{3E45FD03-CD91-4AFA-A68A-F8386CA5BCFB}.Release|x86.Build.0 = Release|iPhone
		{3E45FD03-CD91-4AFA-A68A-F8386CA5BCFB}.Release|x86.Deploy.0 = Release|iPhone
		{8312E359-8D7B-4AB1-A407-12C052B4D735}.Debug|Any CPU.ActiveCfg = Debug|Any CPU
		{8312E359-8D7B-4AB1-A407-12C052B4D735}.Debug|Any CPU.Build.0 = Debug|Any CPU
		{8312E359-8D7B-4AB1-A407-12C052B4D735}.Debug|Any CPU.Deploy.0 = Debug|Any CPU
		{8312E359-8D7B-4AB1-A407-12C052B4D735}.Debug|ARM.ActiveCfg = Debug|Any CPU
		{8312E359-8D7B-4AB1-A407-12C052B4D735}.Debug|ARM.Build.0 = Debug|Any CPU
		{8312E359-8D7B-4AB1-A407-12C052B4D735}.Debug|ARM.Deploy.0 = Debug|Any CPU
		{8312E359-8D7B-4AB1-A407-12C052B4D735}.Debug|iPhone.ActiveCfg = Debug|Any CPU
		{8312E359-8D7B-4AB1-A407-12C052B4D735}.Debug|iPhone.Build.0 = Debug|Any CPU
		{8312E359-8D7B-4AB1-A407-12C052B4D735}.Debug|iPhone.Deploy.0 = Debug|Any CPU
		{8312E359-8D7B-4AB1-A407-12C052B4D735}.Debug|iPhoneSimulator.ActiveCfg = Debug|Any CPU
		{8312E359-8D7B-4AB1-A407-12C052B4D735}.Debug|iPhoneSimulator.Build.0 = Debug|Any CPU
		{8312E359-8D7B-4AB1-A407-12C052B4D735}.Debug|iPhoneSimulator.Deploy.0 = Debug|Any CPU
		{8312E359-8D7B-4AB1-A407-12C052B4D735}.Debug|x64.ActiveCfg = Debug|Any CPU
		{8312E359-8D7B-4AB1-A407-12C052B4D735}.Debug|x64.Build.0 = Debug|Any CPU
		{8312E359-8D7B-4AB1-A407-12C052B4D735}.Debug|x64.Deploy.0 = Debug|Any CPU
		{8312E359-8D7B-4AB1-A407-12C052B4D735}.Debug|x86.ActiveCfg = Debug|Any CPU
		{8312E359-8D7B-4AB1-A407-12C052B4D735}.Debug|x86.Build.0 = Debug|Any CPU
		{8312E359-8D7B-4AB1-A407-12C052B4D735}.Debug|x86.Deploy.0 = Debug|Any CPU
		{8312E359-8D7B-4AB1-A407-12C052B4D735}.Release|Any CPU.ActiveCfg = Release|Any CPU
		{8312E359-8D7B-4AB1-A407-12C052B4D735}.Release|Any CPU.Build.0 = Release|Any CPU
		{8312E359-8D7B-4AB1-A407-12C052B4D735}.Release|Any CPU.Deploy.0 = Release|Any CPU
		{8312E359-8D7B-4AB1-A407-12C052B4D735}.Release|ARM.ActiveCfg = Release|Any CPU
		{8312E359-8D7B-4AB1-A407-12C052B4D735}.Release|ARM.Build.0 = Release|Any CPU
		{8312E359-8D7B-4AB1-A407-12C052B4D735}.Release|ARM.Deploy.0 = Release|Any CPU
		{8312E359-8D7B-4AB1-A407-12C052B4D735}.Release|iPhone.ActiveCfg = Release|Any CPU
		{8312E359-8D7B-4AB1-A407-12C052B4D735}.Release|iPhone.Build.0 = Release|Any CPU
		{8312E359-8D7B-4AB1-A407-12C052B4D735}.Release|iPhone.Deploy.0 = Release|Any CPU
		{8312E359-8D7B-4AB1-A407-12C052B4D735}.Release|iPhoneSimulator.ActiveCfg = Release|Any CPU
		{8312E359-8D7B-4AB1-A407-12C052B4D735}.Release|iPhoneSimulator.Build.0 = Release|Any CPU
		{8312E359-8D7B-4AB1-A407-12C052B4D735}.Release|iPhoneSimulator.Deploy.0 = Release|Any CPU
		{8312E359-8D7B-4AB1-A407-12C052B4D735}.Release|x64.ActiveCfg = Release|Any CPU
		{8312E359-8D7B-4AB1-A407-12C052B4D735}.Release|x64.Build.0 = Release|Any CPU
		{8312E359-8D7B-4AB1-A407-12C052B4D735}.Release|x64.Deploy.0 = Release|Any CPU
		{8312E359-8D7B-4AB1-A407-12C052B4D735}.Release|x86.ActiveCfg = Release|Any CPU
		{8312E359-8D7B-4AB1-A407-12C052B4D735}.Release|x86.Build.0 = Release|Any CPU
		{8312E359-8D7B-4AB1-A407-12C052B4D735}.Release|x86.Deploy.0 = Release|Any CPU
	EndGlobalSection
	GlobalSection(SolutionProperties) = preSolution
		HideSolutionNode = FALSE
	EndGlobalSection
	GlobalSection(ExtensibilityGlobals) = postSolution
		SolutionGuid = {EBFB01F9-0ED9-4A42-8BBB-1435618491DC}
	EndGlobalSection
EndGlobal
